{
  "version": 4,
  "terraform_version": "1.5.7",
  "serial": 11,
  "lineage": "0c1024f2-0805-4a04-b2d2-59722a66038a",
  "outputs": {},
  "resources": [
    {
      "mode": "managed",
      "type": "aws_cloudwatch_log_group",
      "name": "suricata_logs",
      "provider": "provider[\"registry.terraform.io/hashicorp/aws\"]",
      "instances": [
        {
          "schema_version": 0,
          "attributes": {
            "arn": "arn:aws:logs:eu-west-3:050752608040:log-group:/suricata/logs",
            "id": "/suricata/logs",
            "kms_key_id": "",
            "log_group_class": "STANDARD",
            "name": "/suricata/logs",
            "name_prefix": "",
            "retention_in_days": 0,
            "skip_destroy": false,
            "tags": null,
            "tags_all": {}
          },
          "sensitive_attributes": [],
          "private": "bnVsbA=="
        }
      ]
    },
    {
      "mode": "managed",
      "type": "aws_cloudwatch_log_stream",
      "name": "suricata_stream",
      "provider": "provider[\"registry.terraform.io/hashicorp/aws\"]",
      "instances": [
        {
          "schema_version": 0,
          "attributes": {
            "arn": "arn:aws:logs:eu-west-3:050752608040:log-group:/suricata/logs:log-stream:suricata-log-stream",
            "id": "suricata-log-stream",
            "log_group_name": "/suricata/logs",
            "name": "suricata-log-stream"
          },
          "sensitive_attributes": [],
          "private": "bnVsbA==",
          "dependencies": [
            "aws_cloudwatch_log_group.suricata_logs"
          ]
        }
      ]
    },
    {
      "mode": "managed",
      "type": "aws_iam_role_policy_attachment",
      "name": "attach_policy",
      "provider": "provider[\"registry.terraform.io/hashicorp/aws\"]",
      "instances": []
    },
    {
      "mode": "managed",
      "type": "aws_key_pair",
      "name": "deployer",
      "provider": "provider[\"registry.terraform.io/hashicorp/aws\"]",
      "instances": [
        {
          "schema_version": 1,
          "attributes": {
            "arn": "arn:aws:ec2:eu-west-3:050752608040:key-pair/deployer-key",
            "fingerprint": "45:31:a7:ab:fa:54:85:b3:55:62:77:cc:bc:3b:e1:05",
            "id": "deployer-key",
            "key_name": "deployer-key",
            "key_name_prefix": "",
            "key_pair_id": "key-0abf82249ad38d7ca",
            "key_type": "rsa",
            "public_key": "ssh-rsa AAAAB3NzaC1yc2EAAAADAQABAAACAQDkqcBbo5jwb+EgNhNpHaW4rYYghw/54XxwJuXNzb7a/+h2bPR9cH3Wvuznjd3lfaBWYPNlKylup7FQHvR4T2Y54JAM9Du9dTM1u0L4Co+5RlFeAUF1hMv+e8B+lCiLeHP7WcyHcqyVdp07Ba7EueT3/7Lk4Obiwxll241d8GC+t4r30OM4RP0dv2okqmgIGTC0vv0VGXwvvKDWb1OloMZ8m+wtRdpEE5XQLMjKSwqDxnTlaWK8bDhlzDUjT6Dg/Q8v2u9amfAL+ElvOfLiKrXJvWWR5b7nAsdzeWDuoIqe13/jNu5esq9vHsHuxSFJXJO6nlz4VWxN/BWP1OgE5FDl8gouoPVWaRvZCfBS6eir9Q18YK4ozAk5cNt5A5fQjQQ1o69bq03du5WG9ue4dN/gBit2anPFvuDoSNtC29jFCCskebHz4weW0+bcG604iwAXs9TkNZWs6zYnIKIf96FFHmGtjN9bDPWhU/M87gbu4ryGCr/QJZBufInr18wDdvP5UvEwt36qH1Y3ip26mWUPiGiTGoq49/E0Z5bj5XaQwZ037VSMpGvdYfjY9sOAwbtqSiRshrP9z8qPn/GS7gJ6C3Yiyr9SCraJrteKOeg1D7beXLzECPltAMineuf+10DfH7CkQXHBS8h+U6ZMsy8XpVPkdj1y7KyY885Wms9kiw== maxime.nony.18@gmail.com",
            "tags": null,
            "tags_all": {}
          },
          "sensitive_attributes": [],
          "private": "eyJzY2hlbWFfdmVyc2lvbiI6IjEifQ=="
        }
      ]
    },
    {
      "mode": "managed",
      "type": "aws_subnet",
      "name": "private_subnet",
      "provider": "provider[\"registry.terraform.io/hashicorp/aws\"]",
      "instances": [
        {
          "schema_version": 1,
          "attributes": {
            "arn": "arn:aws:ec2:eu-west-3:050752608040:subnet/subnet-0561d1f1532ee120c",
            "assign_ipv6_address_on_creation": false,
            "availability_zone": "eu-west-3c",
            "availability_zone_id": "euw3-az3",
            "cidr_block": "10.0.1.0/24",
            "customer_owned_ipv4_pool": "",
            "enable_dns64": false,
            "enable_lni_at_device_index": 0,
            "enable_resource_name_dns_a_record_on_launch": false,
            "enable_resource_name_dns_aaaa_record_on_launch": false,
            "id": "subnet-0561d1f1532ee120c",
            "ipv6_cidr_block": "",
            "ipv6_cidr_block_association_id": "",
            "ipv6_native": false,
            "map_customer_owned_ip_on_launch": false,
            "map_public_ip_on_launch": false,
            "outpost_arn": "",
            "owner_id": "050752608040",
            "private_dns_hostname_type_on_launch": "ip-name",
            "tags": {
              "Name": "Private-Subnet"
            },
            "tags_all": {
              "Name": "Private-Subnet"
            },
            "timeouts": null,
            "vpc_id": "vpc-0af1828c4890e3f0e"
          },
          "sensitive_attributes": [],
          "private": "eyJlMmJmYjczMC1lY2FhLTExZTYtOGY4OC0zNDM2M2JjN2M0YzAiOnsiY3JlYXRlIjo2MDAwMDAwMDAwMDAsImRlbGV0ZSI6MTIwMDAwMDAwMDAwMH0sInNjaGVtYV92ZXJzaW9uIjoiMSJ9",
          "dependencies": [
            "aws_vpc.private_vpc"
          ]
        }
      ]
    },
    {
      "mode": "managed",
      "type": "aws_vpc",
      "name": "private_vpc",
      "provider": "provider[\"registry.terraform.io/hashicorp/aws\"]",
      "instances": [
        {
          "schema_version": 1,
          "attributes": {
            "arn": "arn:aws:ec2:eu-west-3:050752608040:vpc/vpc-0af1828c4890e3f0e",
            "assign_generated_ipv6_cidr_block": false,
            "cidr_block": "10.0.0.0/16",
            "default_network_acl_id": "acl-044c7c9e9a2c186a8",
            "default_route_table_id": "rtb-0c883357961713aac",
            "default_security_group_id": "sg-0a659b70c39f9fbfc",
            "dhcp_options_id": "dopt-0a020334efe8da372",
            "enable_dns_hostnames": false,
            "enable_dns_support": true,
            "enable_network_address_usage_metrics": false,
            "id": "vpc-0af1828c4890e3f0e",
            "instance_tenancy": "default",
            "ipv4_ipam_pool_id": null,
            "ipv4_netmask_length": null,
            "ipv6_association_id": "",
            "ipv6_cidr_block": "",
            "ipv6_cidr_block_network_border_group": "",
            "ipv6_ipam_pool_id": "",
            "ipv6_netmask_length": 0,
            "main_route_table_id": "rtb-0c883357961713aac",
            "owner_id": "050752608040",
            "tags": {
              "Name": "Private-VPC"
            },
            "tags_all": {
              "Name": "Private-VPC"
            }
          },
          "sensitive_attributes": [],
          "private": "eyJzY2hlbWFfdmVyc2lvbiI6IjEifQ=="
        }
      ]
    },
    {
      "module": "module.lambda",
      "mode": "managed",
      "type": "aws_cloudwatch_log_subscription_filter",
      "name": "suricata_logs_to_lambda",
      "provider": "provider[\"registry.terraform.io/hashicorp/aws\"]",
      "instances": []
    },
    {
      "module": "module.lambda",
      "mode": "managed",
      "type": "aws_iam_policy_attachment",
      "name": "lambda_policy_attachment",
      "provider": "provider[\"registry.terraform.io/hashicorp/aws\"]",
      "instances": []
    },
    {
      "module": "module.lambda",
      "mode": "managed",
      "type": "aws_lambda_function",
      "name": "my_lambda",
      "provider": "provider[\"registry.terraform.io/hashicorp/aws\"]",
      "instances": []
    }
  ],
  "check_results": null
}
